
Microsoft Visual Studio Solution File, Format Version 12.00
# Visual Studio Version 17
VisualStudioVersion = 17.0.32014.148
MinimumVisualStudioVersion = 10.0.40219.1
Project("{FAE04EC0-301F-11D3-BF4B-00C04F79EFBC}") = "Game", "Game.csproj", "{1DF2D4A1-7A9A-48F9-B7D8-A4B3222F2980}"
EndProject
Global
	GlobalSection(SolutionConfigurationPlatforms) = preSolution
		Debug|Any CPU = Debug|Any CPU
		Release|Any CPU = Release|Any CPU
	EndGlobalSection
	GlobalSection(ProjectConfigurationPlatforms) = postSolution
		{1DF2D4A1-7A9A-48F9-B7D8-A4B3222F2980}.Debug|Any CPU.ActiveCfg = Debug|Any CPU
		{1DF2D4A1-7A9A-48F9-B7D8-A4B3222F2980}.Debug|Any CPU.Build.0 = Debug|Any CPU
		{1DF2D4A1-7A9A-48F9-B7D8-A4B3222F2980}.Release|Any CPU.ActiveCfg = Release|Any CPU
		{1DF2D4A1-7A9A-48F9-B7D8-A4B3222F2980}.Release|Any CPU.Build.0 = Release|Any CPU
	EndGlobalSection
	GlobalSection(SolutionProperties) = preSolution
		HideSolutionNode = FALSE
	EndGlobalSection
	GlobalSection(ExtensibilityGlobals) = postSolution
		SolutionGuid = {1A6A0866-C7FD-42FB-AA82-2D6C5B3BFCBC}
	EndGlobalSection
EndGlobal
